<?xml version="1.0" encoding="utf-8"?>
<Project ToolsVersion="4.0" xmlns="http://schemas.microsoft.com/developer/msbuild/2003">
  <ItemGroup>
    <Filter Include="Source Files">
      <UniqueIdentifier>{4FC737F1-C7A5-4376-A066-2A32D752A2FF}</UniqueIdentifier>
      <Extensions>cpp;c;cc;cxx;def;odl;idl;hpj;bat;asm;asmx</Extensions>
    </Filter>
    <Filter Include="Header Files">
      <UniqueIdentifier>{93995380-89BD-4b04-88EB-625FBE52EBFB}</UniqueIdentifier>
      <Extensions>h;hpp;hxx;hm;inl;inc;xsd</Extensions>
    </Filter>
    <Filter Include="Header Files\classes">
      <UniqueIdentifier>{1af0409d-85ec-4053-965b-f086fb7622cf}</UniqueIdentifier>
    </Filter>
    <Filter Include="Header Files\methods">
      <UniqueIdentifier>{c8e9da41-c63b-4524-83cb-14cc64721157}</UniqueIdentifier>
    </Filter>
  </ItemGroup>
  <ItemGroup>
    <ClCompile Include="source\main.cpp">
      <Filter>Source Files</Filter>
    </ClCompile>
  </ItemGroup>
  <ItemGroup>
    <ClInclude Include="source\classes.h">
      <Filter>Header Files</Filter>
    </ClInclude>
    <ClInclude Include="source\errors.h">
      <Filter>Header Files</Filter>
    </ClInclude>
    <ClInclude Include="source\malco.h">
      <Filter>Header Files</Filter>
    </ClInclude>
    <ClInclude Include="source\methods.h">
      <Filter>Header Files</Filter>
    </ClInclude>
    <ClInclude Include="source\rasm.h">
      <Filter>Header Files</Filter>
    </ClInclude>
    <ClInclude Include="source\classes\ic_array.h">
      <Filter>Header Files\classes</Filter>
    </ClInclude>
    <ClInclude Include="source\classes\ic_bool.h">
      <Filter>Header Files\classes</Filter>
    </ClInclude>
    <ClInclude Include="source\classes\ic_dir.h">
      <Filter>Header Files\classes</Filter>
    </ClInclude>
    <ClInclude Include="source\classes\ic_dir.nix.h">
      <Filter>Header Files\classes</Filter>
    </ClInclude>
    <ClInclude Include="source\classes\ic_dir.w32.h">
      <Filter>Header Files\classes</Filter>
    </ClInclude>
    <ClInclude Include="source\classes\ic_file.h">
      <Filter>Header Files\classes</Filter>
    </ClInclude>
    <ClInclude Include="source\classes\ic_float.h">
      <Filter>Header Files\classes</Filter>
    </ClInclude>
    <ClInclude Include="source\classes\ic_int.h">
      <Filter>Header Files\classes</Filter>
    </ClInclude>
    <ClInclude Include="source\classes\ic_match.h">
      <Filter>Header Files\classes</Filter>
    </ClInclude>
    <ClInclude Include="source\classes\ic_object.h">
      <Filter>Header Files\classes</Filter>
    </ClInclude>
    <ClInclude Include="source\classes\ic_range.h">
      <Filter>Header Files\classes</Filter>
    </ClInclude>
    <ClInclude Include="source\classes\ic_regex.h">
      <Filter>Header Files\classes</Filter>
    </ClInclude>
    <ClInclude Include="source\classes\ic_socket.h">
      <Filter>Header Files\classes</Filter>
    </ClInclude>
    <ClInclude Include="source\classes\ic_socket.nix.h">
      <Filter>Header Files\classes</Filter>
    </ClInclude>
    <ClInclude Include="source\classes\ic_socket.w32.h">
      <Filter>Header Files\classes</Filter>
    </ClInclude>
    <ClInclude Include="source\classes\ic_string.h">
      <Filter>Header Files\classes</Filter>
    </ClInclude>
    <ClInclude Include="source\classes\ic_time.h">
      <Filter>Header Files\classes</Filter>
    </ClInclude>
    <ClInclude Include="source\classes\rc_core.h">
      <Filter>Header Files\classes</Filter>
    </ClInclude>
    <ClInclude Include="source\classes\rc_deftable.h">
      <Filter>Header Files\classes</Filter>
    </ClInclude>
    <ClInclude Include="source\classes\rc_head.h">
      <Filter>Header Files\classes</Filter>
    </ClInclude>
    <ClInclude Include="source\classes\rc_method.h">
      <Filter>Header Files\classes</Filter>
    </ClInclude>
    <ClInclude Include="source\classes\rc_rasm.h">
      <Filter>Header Files\classes</Filter>
    </ClInclude>
    <ClInclude Include="source\classes\rc_strtable.h">
      <Filter>Header Files\classes</Filter>
    </ClInclude>
    <ClInclude Include="source\classes\rc_tape.h">
      <Filter>Header Files\classes</Filter>
    </ClInclude>
    <ClInclude Include="source\classes\rc_var.h">
      <Filter>Header Files\classes</Filter>
    </ClInclude>
    <ClInclude Include="source\classes\sc_exception.h">
      <Filter>Header Files\classes</Filter>
    </ClInclude>
    <ClInclude Include="source\classes\sc_file.h">
      <Filter>Header Files\classes</Filter>
    </ClInclude>
    <ClInclude Include="source\classes\sc_ini.h">
      <Filter>Header Files\classes</Filter>
    </ClInclude>
    <ClInclude Include="source\classes\sc_list.h">
      <Filter>Header Files\classes</Filter>
    </ClInclude>
    <ClInclude Include="source\classes\sc_map.h">
      <Filter>Header Files\classes</Filter>
    </ClInclude>
    <ClInclude Include="source\classes\sc_md5.h">
      <Filter>Header Files\classes</Filter>
    </ClInclude>
    <ClInclude Include="source\classes\sc_random.h">
      <Filter>Header Files\classes</Filter>
    </ClInclude>
    <ClInclude Include="source\classes\sc_voidarray.h">
      <Filter>Header Files\classes</Filter>
    </ClInclude>
    <ClInclude Include="source\classes\sc_voidlist.h">
      <Filter>Header Files\classes</Filter>
    </ClInclude>
    <ClInclude Include="source\classes\sc_voidmap.h">
      <Filter>Header Files\classes</Filter>
    </ClInclude>
    <ClInclude Include="source\methods\m_array.h">
      <Filter>Header Files\methods</Filter>
    </ClInclude>
    <ClInclude Include="source\methods\m_bool.h">
      <Filter>Header Files\methods</Filter>
    </ClInclude>
    <ClInclude Include="source\methods\m_class.h">
      <Filter>Header Files\methods</Filter>
    </ClInclude>
    <ClInclude Include="source\methods\m_exception.h">
      <Filter>Header Files\methods</Filter>
    </ClInclude>
    <ClInclude Include="source\methods\m_float.h">
      <Filter>Header Files\methods</Filter>
    </ClInclude>
    <ClInclude Include="source\methods\m_int.h">
      <Filter>Header Files\methods</Filter>
    </ClInclude>
    <ClInclude Include="source\methods\m_malco.h">
      <Filter>Header Files\methods</Filter>
    </ClInclude>
    <ClInclude Include="source\methods\m_match.h">
      <Filter>Header Files\methods</Filter>
    </ClInclude>
    <ClInclude Include="source\methods\m_math.h">
      <Filter>Header Files\methods</Filter>
    </ClInclude>
    <ClInclude Include="source\methods\m_method.h">
      <Filter>Header Files\methods</Filter>
    </ClInclude>
    <ClInclude Include="source\methods\m_object.h">
      <Filter>Header Files\methods</Filter>
    </ClInclude>
    <ClInclude Include="source\methods\m_range.h">
      <Filter>Header Files\methods</Filter>
    </ClInclude>
    <ClInclude Include="source\methods\m_regex.h">
      <Filter>Header Files\methods</Filter>
    </ClInclude>
    <ClInclude Include="source\methods\m_string.h">
      <Filter>Header Files\methods</Filter>
    </ClInclude>
    <ClInclude Include="source\methods\m_time.h">
      <Filter>Header Files\methods</Filter>
    </ClInclude>
    <ClInclude Include="source\methods\m_undef.h">
      <Filter>Header Files\methods</Filter>
    </ClInclude>
    <ClInclude Include="source\classes\sc_anymap.h">
      <Filter>Header Files\classes</Filter>
    </ClInclude>
  </ItemGroup>
</Project>